{
  "name": "pareto-host-nodejs",
  "version": "0.2.67",
  "lockfileVersion": 3,
  "requires": true,
  "packages": {
    "": {
      "name": "pareto-host-nodejs",
      "version": "0.2.67",
      "license": "Apache-2.0",
      "dependencies": {
        "pareto-resources": "^0.2.0",
        "pareto-stream": "^0.1.0"
      },
      "devDependencies": {
        "@types/node": "^25.0.3"
      }
    },
    "node_modules/@types/node": {
      "version": "25.9.3",
      "resolved": "https://registry.npmjs.org/@types/node/-/node-25.9.3.tgz",
      "integrity": "sha512-603BddQMv3pUcr4U2dhujk83N2tTDVr/34wII2B6bJy6g+8WD6yUb11jszNs0gdi4PesVWl7ABt8nYMVpnLUcg==",
      "dev": true,
      "license": "MIT",
      "dependencies": {
        "undici-types": ">=7.24.0 <7.24.7"
      }
    },
    "node_modules/astn-core": {
      "version": "0.5.103",
      "resolved": "https://registry.npmjs.org/astn-core/-/astn-core-0.5.103.tgz",
      "integrity": "sha512-ca4ipwzY+Lad3TghBNeprQZIpwvA0YVGSZYQdpPtvVifm/QT6LpCXCxUyFmo0PJCtNVKledp5nt5OOAGgZexFQ==",
      "license": "Apache-2.0",
      "dependencies": {
        "pareto-fountain-pen": "^0.4.0"
      }
    },
    "node_modules/liana-core": {
      "version": "0.1.23",
      "resolved": "https://registry.npmjs.org/liana-core/-/liana-core-0.1.23.tgz",
      "integrity": "sha512-7zLHRECBR4mHeCCHoEk9VXNB25CuMsvKm/EiGrtoMD6IKHAdWS6XdGXGcIjXq8X+nAoN3k9UOohBhx4Isy8ttA==",
      "license": "Apache-2.0",
      "dependencies": {
        "astn-core": "^0.5.0",
        "pareto-core": "^0.1.0"
      }
    },
    "node_modules/pareto-core": {
      "version": "0.1.128",
      "resolved": "https://registry.npmjs.org/pareto-core/-/pareto-core-0.1.128.tgz",
      "integrity": "sha512-6UuohxZKUDlfNj0H/65dHxp/BJVPZtfjquA9fPJTppEKKqiVKA6fdHJiO7M4fQ0IydvRcTaGR8XHG1YVljPunw==",
      "license": "Apache-2.0"
    },
    "node_modules/pareto-core-dev": {
      "version": "0.12.17",
      "resolved": "https://registry.npmjs.org/pareto-core-dev/-/pareto-core-dev-0.12.17.tgz",
      "integrity": "sha512-8pXzrIu3dvfkKXsNnc8F3FmG7nfvX8IrKfWzUNe4/QRMrD+MzbCv/WcdCi/U0kuaFbfR5ad2U5I1YZy9vH/H0Q==",
      "license": "Apache-2.0",
      "dependencies": {
        "pareto-core": "^0.1.0"
      }
    },
    "node_modules/pareto-core-shorthands": {
      "version": "0.2.36",
      "resolved": "https://registry.npmjs.org/pareto-core-shorthands/-/pareto-core-shorthands-0.2.36.tgz",
      "integrity": "sha512-g8W0nMee3wdd2FVzPTXaJhxhN3e+j48y0zoCPfLRhCNtnMzJ0YfdvJl2UPLTuvzrcDDUSflHDcGqyMR8iDvVug==",
      "license": "Apache-2.0",
      "dependencies": {
        "liana-core": "^0.1.0",
        "pareto-core": "^0.1.0"
      }
    },
    "node_modules/pareto-fountain-pen": {
      "version": "0.4.58",
      "resolved": "https://registry.npmjs.org/pareto-fountain-pen/-/pareto-fountain-pen-0.4.58.tgz",
      "integrity": "sha512-pc3gQ9HNoTp4nx9C4JxT8QlDQybBKepuOipMHZuWx5QkbhrgJXiU6vfCjRk3mkrm2OaK0JJbqy9gTg9yw8IYjg==",
      "license": "Apache-2.0",
      "dependencies": {
        "pareto-core": "^0.1.0",
        "pareto-core-shorthands": "^0.2.0"
      },
      "engines": {
        "node": ">=14.0.0"
      }
    },
    "node_modules/pareto-resources": {
      "version": "0.2.103",
      "resolved": "https://registry.npmjs.org/pareto-resources/-/pareto-resources-0.2.103.tgz",
      "integrity": "sha512-ZwuoZkmP1+fV1JXnbgRIRnOeMnvv+GIrQbXjWAwMYSj17Q/V7ntemu45bHxP6ITCsc+SWxS1nqeQerk3PWM3vA==",
      "license": "Apache-2.0",
      "dependencies": {
        "liana-core": "^0.1.0",
        "pareto-core-dev": "^0.12.0",
        "pareto-fountain-pen": "^0.4.0"
      }
    },
    "node_modules/pareto-stream": {
      "version": "0.1.7",
      "resolved": "https://registry.npmjs.org/pareto-stream/-/pareto-stream-0.1.7.tgz",
      "integrity": "sha512-MFwR/6O0acFJ0w2b/R6EJzngT+mnH9Ogvu5bM2C97am2Wixa2ak1mUzP5OrqngDTNDJLyL6k6bQ/qLvH6Y4dEA==",
      "license": "Apache-2.0",
      "dependencies": {
        "liana-core": "^0.1.0",
        "pareto-core-dev": "^0.12.0",
        "pareto-fountain-pen": "^0.4.0"
      }
    },
    "node_modules/undici-types": {
      "version": "7.24.6",
      "resolved": "https://registry.npmjs.org/undici-types/-/undici-types-7.24.6.tgz",
      "integrity": "sha512-WRNW+sJgj5OBN4/0JpHFqtqzhpbnV0GuB+OozA9gCL7a993SmU+1JBZCzLNxYsbMfIeDL+lTsphD5jN5N+n0zg==",
      "dev": true,
      "license": "MIT"
    }
  }
}
