{
  "name": "pareto-host-nodejs",
  "version": "0.2.16",
  "lockfileVersion": 3,
  "requires": true,
  "packages": {
    "": {
      "name": "pareto-host-nodejs",
      "version": "0.2.16",
      "license": "ISC",
      "dependencies": {
        "pareto-resources": "^0.2.20"
      },
      "devDependencies": {
        "@types/node": "^25.0.3"
      }
    },
    "node_modules/@types/node": {
      "version": "25.2.0",
      "resolved": "https://registry.npmjs.org/@types/node/-/node-25.2.0.tgz",
      "integrity": "sha512-DZ8VwRFUNzuqJ5khrvwMXHmvPe+zGayJhr2CDNiKB1WBE1ST8Djl00D0IC4vvNmHMdj6DlbYRIaFE7WHjlDl5w==",
      "dev": true,
      "license": "MIT",
      "dependencies": {
        "undici-types": "~7.16.0"
      }
    },
    "node_modules/astn-core": {
      "version": "0.5.16",
      "resolved": "https://registry.npmjs.org/astn-core/-/astn-core-0.5.16.tgz",
      "integrity": "sha512-QesZ+zWXGrlobW2OxUNB5DRKbQc+C0kPrbTs+KflLv1ZFISxy/c28oJmAVQFiSn+opYOx/RPQaJQp3ktqWwbYg==",
      "license": "Apache-2.0",
      "dependencies": {
        "pareto-fountain-pen": "^0.4.11"
      }
    },
    "node_modules/pareto-core": {
      "version": "0.1.29",
      "resolved": "https://registry.npmjs.org/pareto-core/-/pareto-core-0.1.29.tgz",
      "integrity": "sha512-c6xn320n4+MB7a4uZskjAewcYh2iIfzKmo35BCdKFp4rm5qviuhIRQrjzawXBzzyCA9EhFhzMY+Xce2/pDBsBw==",
      "license": "ISC"
    },
    "node_modules/pareto-core-shorthands": {
      "version": "0.2.17",
      "resolved": "https://registry.npmjs.org/pareto-core-shorthands/-/pareto-core-shorthands-0.2.17.tgz",
      "integrity": "sha512-5j6bCRoTEzDHEWPBMnITA5Qf2qxNizhe5WjDLwbZrYK/OYIvJsYVZIUx/8kIUnBMNg8nk50cP4jOleEGZmKLPg==",
      "license": "ISC",
      "dependencies": {
        "pareto-core": "^0.1.25"
      }
    },
    "node_modules/pareto-fountain-pen": {
      "version": "0.4.11",
      "resolved": "https://registry.npmjs.org/pareto-fountain-pen/-/pareto-fountain-pen-0.4.11.tgz",
      "integrity": "sha512-simlx7Vtk2M/IfRKUXoxIOoDW1EJ1O3ZKf3W8ojf1YnLLgeXP5tO2U4/yIwzqai3/wnfuMMYXmYj/W39C6MFkw==",
      "license": "Apache-2.0",
      "dependencies": {
        "pareto-core": "^0.1.27",
        "pareto-core-shorthands": "^0.2.17"
      },
      "engines": {
        "node": ">=14.0.0"
      }
    },
    "node_modules/pareto-resources": {
      "version": "0.2.20",
      "resolved": "https://registry.npmjs.org/pareto-resources/-/pareto-resources-0.2.20.tgz",
      "integrity": "sha512-xqU+tX2XAjcWbqN6CmeLcsbCXVj7mcJtmmJ7brwoF1KEC/V3N6P+Pv8fIMKtx/JBIoM9NxRBe281c4J3rK+lOQ==",
      "dependencies": {
        "astn-core": "^0.5.16",
        "pareto-fountain-pen": "^0.4.11"
      }
    },
    "node_modules/undici-types": {
      "version": "7.16.0",
      "resolved": "https://registry.npmjs.org/undici-types/-/undici-types-7.16.0.tgz",
      "integrity": "sha512-Zz+aZWSj8LE6zoxD+xrjh4VfkIG8Ya6LvYkZqtUQGJPZjYl53ypCaUwWqo7eI0x66KBGeRo+mlBEkMSeSZ38Nw==",
      "dev": true,
      "license": "MIT"
    }
  }
}
