{
  "name": "pareto-host-nodejs",
  "version": "0.2.11",
  "lockfileVersion": 3,
  "requires": true,
  "packages": {
    "": {
      "name": "pareto-host-nodejs",
      "version": "0.2.11",
      "license": "ISC",
      "dependencies": {
        "pareto-resources": "^0.2.15"
      },
      "devDependencies": {
        "@types/node": "^25.0.3"
      }
    },
    "node_modules/@types/node": {
      "version": "25.0.10",
      "resolved": "https://registry.npmjs.org/@types/node/-/node-25.0.10.tgz",
      "integrity": "sha512-zWW5KPngR/yvakJgGOmZ5vTBemDoSqF3AcV/LrO5u5wTWyEAVVh+IT39G4gtyAkh3CtTZs8aX/yRM82OfzHJRg==",
      "dev": true,
      "license": "MIT",
      "dependencies": {
        "undici-types": "~7.16.0"
      }
    },
    "node_modules/astn-core": {
      "version": "0.5.8",
      "resolved": "https://registry.npmjs.org/astn-core/-/astn-core-0.5.8.tgz",
      "integrity": "sha512-RbKyVjGi2Rr6KrLqETyYSqFUv8XuIZIBFcsXeBjWk5DoFSfU9ZijL1Ex8rMarOJ4lvxS4dK2VFceMSrbWCItmA==",
      "license": "Apache-2.0",
      "dependencies": {
        "pareto-fountain-pen": "^0.4.7"
      }
    },
    "node_modules/pareto-core": {
      "version": "0.1.8",
      "resolved": "https://registry.npmjs.org/pareto-core/-/pareto-core-0.1.8.tgz",
      "integrity": "sha512-fhkodTBwto8K7SMJSUQnr/yo/0B2uK9wt0qcmgTSMLMBWfk0iDP/rawIJunj3x4/6C7GoOVCtr95AkBfF4+GCA==",
      "license": "ISC"
    },
    "node_modules/pareto-core-shorthands": {
      "version": "0.2.6",
      "resolved": "https://registry.npmjs.org/pareto-core-shorthands/-/pareto-core-shorthands-0.2.6.tgz",
      "integrity": "sha512-kQ9R9gTde5E4VuUFnA+JVS3mMF9/bAjpXunNe4CIAePmfNvKF8nJts3lHc6RW/Jqa0Xydib/MHCwft27BXaK5Q==",
      "license": "ISC",
      "dependencies": {
        "pareto-core": "^0.1.8"
      }
    },
    "node_modules/pareto-fountain-pen": {
      "version": "0.4.7",
      "resolved": "https://registry.npmjs.org/pareto-fountain-pen/-/pareto-fountain-pen-0.4.7.tgz",
      "integrity": "sha512-qJ7wdAPkchbbnDm91wjpgG076MOdE+xpwsa7fIJ0x19xeU6CzBcJbQT3BvaI4nBlWDbmNyL0ALeOwWsDH7ztaA==",
      "license": "Apache-2.0",
      "dependencies": {
        "pareto-core": "^0.1.8",
        "pareto-core-shorthands": "^0.2.6"
      },
      "engines": {
        "node": ">=14.0.0"
      }
    },
    "node_modules/pareto-resources": {
      "version": "0.2.15",
      "resolved": "https://registry.npmjs.org/pareto-resources/-/pareto-resources-0.2.15.tgz",
      "integrity": "sha512-/TfXBm475TGDHLGtkbO5we0HHQ+di/RzRVRBUGFrfqzj5J+qzwQ5FwsH0OoE4XUiCeHnnj2pt0Wo7vD5jCffQA==",
      "dependencies": {
        "astn-core": "^0.5.7",
        "pareto-fountain-pen": "^0.4.7"
      }
    },
    "node_modules/undici-types": {
      "version": "7.16.0",
      "resolved": "https://registry.npmjs.org/undici-types/-/undici-types-7.16.0.tgz",
      "integrity": "sha512-Zz+aZWSj8LE6zoxD+xrjh4VfkIG8Ya6LvYkZqtUQGJPZjYl53ypCaUwWqo7eI0x66KBGeRo+mlBEkMSeSZ38Nw==",
      "dev": true,
      "license": "MIT"
    }
  }
}
